
Microsoft Visual Studio Solution File, Format Version 12.00
# Visual Studio Version 16
VisualStudioVersion = 16.0.29318.209
MinimumVisualStudioVersion = 10.0.40219.1
Project("{FAE04EC0-301F-11D3-BF4B-00C04F79EFBC}") = "MySecondApp", "MySecondApp\MySecondApp.csproj", "{F088DB12-0D06-4DCE-8F32-1A107053F8F8}"
EndProject
Global
	GlobalSection(SolutionConfigurationPlatforms) = preSolution
		Debug|Any CPU = Debug|Any CPU
		Release|Any CPU = Release|Any CPU
	EndGlobalSection
	GlobalSection(ProjectConfigurationPlatforms) = postSolution
		{F088DB12-0D06-4DCE-8F32-1A107053F8F8}.Debug|Any CPU.ActiveCfg = Debug|Any CPU
		{F088DB12-0D06-4DCE-8F32-1A107053F8F8}.Debug|Any CPU.Build.0 = Debug|Any CPU
		{F088DB12-0D06-4DCE-8F32-1A107053F8F8}.Release|Any CPU.ActiveCfg = Release|Any CPU
		{F088DB12-0D06-4DCE-8F32-1A107053F8F8}.Release|Any CPU.Build.0 = Release|Any CPU
	EndGlobalSection
	GlobalSection(SolutionProperties) = preSolution
		HideSolutionNode = FALSE
	EndGlobalSection
	GlobalSection(ExtensibilityGlobals) = postSolution
		SolutionGuid = {099476F5-AE5F-46B4-8B0C-90DE6D72A565}
	EndGlobalSection
EndGlobal
